{
  "name": "advent_of_code_rs_bin",
  "version": "0.1.0",
  "lockfileVersion": 1,
  "requires": true,
  "dependencies": {
    "advent_of_code_rs": {
      "version": "0.1.1",
      "resolved": "https://registry.npmjs.org/advent_of_code_rs/-/advent_of_code_rs-0.1.1.tgz",
      "integrity": "sha512-PWoxyMIq+SaVsVlpZecDkXxMU60uMI2lQb+aicFajFiWumlR6zrw0Qxai4y5xFMLIlO4VgneDwPR4QHIkqTMxA=="
    }
  }
}
